
Microsoft Visual Studio Solution File, Format Version 12.00
# Visual Studio 15
VisualStudioVersion = 15.0.27004.2006
MinimumVisualStudioVersion = 10.0.40219.1
Project("{FAE04EC0-301F-11D3-BF4B-00C04F79EFBC}") = "SchoolHR1", "SchoolHR1\SchoolHR1.csproj", "{6C9588F5-0004-445D-A42A-DDEC2BF26462}"
EndProject
Global
	GlobalSection(SolutionConfigurationPlatforms) = preSolution
		Debug|Any CPU = Debug|Any CPU
		Release|Any CPU = Release|Any CPU
	EndGlobalSection
	GlobalSection(ProjectConfigurationPlatforms) = postSolution
		{6C9588F5-0004-445D-A42A-DDEC2BF26462}.Debug|Any CPU.ActiveCfg = Debug|Any CPU
		{6C9588F5-0004-445D-A42A-DDEC2BF26462}.Debug|Any CPU.Build.0 = Debug|Any CPU
		{6C9588F5-0004-445D-A42A-DDEC2BF26462}.Release|Any CPU.ActiveCfg = Release|Any CPU
		{6C9588F5-0004-445D-A42A-DDEC2BF26462}.Release|Any CPU.Build.0 = Release|Any CPU
	EndGlobalSection
	GlobalSection(SolutionProperties) = preSolution
		HideSolutionNode = FALSE
	EndGlobalSection
	GlobalSection(ExtensibilityGlobals) = postSolution
		SolutionGuid = {81EC778A-3A27-4FA5-9C22-AB8BE3D0ECF4}
	EndGlobalSection
EndGlobal
